
Microsoft Visual Studio Solution File, Format Version 12.00
# Visual Studio Version 17
VisualStudioVersion = 17.10.35027.167
MinimumVisualStudioVersion = 10.0.40219.1
Project("{FAE04EC0-301F-11D3-BF4B-00C04F79EFBC}") = "IntroductionToDOTNet", "IntroductionToDOTNet\IntroductionToDOTNet.csproj", "{EAC86E3C-E8EE-45BE-BC28-AEC4B74ED2A3}"
EndProject
Project("{FAE04EC0-301F-11D3-BF4B-00C04F79EFBC}") = "Geometry", "Geometry\Geometry.csproj", "{7FCBC322-26EA-4A41-A164-060C5616E75F}"
EndProject
Project("{FAE04EC0-301F-11D3-BF4B-00C04F79EFBC}") = "ChessBoard", "ChessBoard\ChessBoard.csproj", "{11377CF6-C4A2-4143-B87B-6ABFC8393B72}"
EndProject
Project("{FAE04EC0-301F-11D3-BF4B-00C04F79EFBC}") = "HardChess", "HardChess\HardChess.csproj", "{F31AC2F0-0E8C-4372-A3FC-CC8F51BB98CF}"
EndProject
Project("{FAE04EC0-301F-11D3-BF4B-00C04F79EFBC}") = "Calculator", "Calculator\Calculator.csproj", "{D58829AC-4A39-4498-AB6B-BD05EF29F89E}"
EndProject
Project("{FAE04EC0-301F-11D3-BF4B-00C04F79EFBC}") = "MoveSquare", "MoveSquare\MoveSquare.csproj", "{17918FD6-193C-4EA3-A161-43987CC9FA88}"
EndProject
Project("{FAE04EC0-301F-11D3-BF4B-00C04F79EFBC}") = "Factorial", "Factorial\Factorial.csproj", "{E8F3AE5C-5335-4BCC-83E7-4B7716C9AD3C}"
EndProject
Project("{FAE04EC0-301F-11D3-BF4B-00C04F79EFBC}") = "Calc", "Calc\Calc.csproj", "{3F296D68-AFD1-4D74-AABF-E5617FBF80FD}"
EndProject
Project("{FAE04EC0-301F-11D3-BF4B-00C04F79EFBC}") = "ComplexCalculator", "ComplexCalculator\ComplexCalculator.csproj", "{3B5A2FC3-0694-4421-9355-E43D8603572E}"
EndProject
Project("{FAE04EC0-301F-11D3-BF4B-00C04F79EFBC}") = "ComplexCalculatorWithBrackets", "ComplexCalculatorWithBrackets\ComplexCalculatorWithBrackets.csproj", "{986BBE2D-03E8-4A6B-B139-614C3EA0A052}"
EndProject
Global
	GlobalSection(SolutionConfigurationPlatforms) = preSolution
		Debug|Any CPU = Debug|Any CPU
		Release|Any CPU = Release|Any CPU
	EndGlobalSection
	GlobalSection(ProjectConfigurationPlatforms) = postSolution
		{EAC86E3C-E8EE-45BE-BC28-AEC4B74ED2A3}.Debug|Any CPU.ActiveCfg = Debug|Any CPU
		{EAC86E3C-E8EE-45BE-BC28-AEC4B74ED2A3}.Debug|Any CPU.Build.0 = Debug|Any CPU
		{EAC86E3C-E8EE-45BE-BC28-AEC4B74ED2A3}.Release|Any CPU.ActiveCfg = Release|Any CPU
		{EAC86E3C-E8EE-45BE-BC28-AEC4B74ED2A3}.Release|Any CPU.Build.0 = Release|Any CPU
		{7FCBC322-26EA-4A41-A164-060C5616E75F}.Debug|Any CPU.ActiveCfg = Debug|Any CPU
		{7FCBC322-26EA-4A41-A164-060C5616E75F}.Debug|Any CPU.Build.0 = Debug|Any CPU
		{7FCBC322-26EA-4A41-A164-060C5616E75F}.Release|Any CPU.ActiveCfg = Release|Any CPU
		{7FCBC322-26EA-4A41-A164-060C5616E75F}.Release|Any CPU.Build.0 = Release|Any CPU
		{11377CF6-C4A2-4143-B87B-6ABFC8393B72}.Debug|Any CPU.ActiveCfg = Debug|Any CPU
		{11377CF6-C4A2-4143-B87B-6ABFC8393B72}.Debug|Any CPU.Build.0 = Debug|Any CPU
		{11377CF6-C4A2-4143-B87B-6ABFC8393B72}.Release|Any CPU.ActiveCfg = Release|Any CPU
		{11377CF6-C4A2-4143-B87B-6ABFC8393B72}.Release|Any CPU.Build.0 = Release|Any CPU
		{F31AC2F0-0E8C-4372-A3FC-CC8F51BB98CF}.Debug|Any CPU.ActiveCfg = Debug|Any CPU
		{F31AC2F0-0E8C-4372-A3FC-CC8F51BB98CF}.Debug|Any CPU.Build.0 = Debug|Any CPU
		{F31AC2F0-0E8C-4372-A3FC-CC8F51BB98CF}.Release|Any CPU.ActiveCfg = Release|Any CPU
		{F31AC2F0-0E8C-4372-A3FC-CC8F51BB98CF}.Release|Any CPU.Build.0 = Release|Any CPU
		{D58829AC-4A39-4498-AB6B-BD05EF29F89E}.Debug|Any CPU.ActiveCfg = Debug|Any CPU
		{D58829AC-4A39-4498-AB6B-BD05EF29F89E}.Debug|Any CPU.Build.0 = Debug|Any CPU
		{D58829AC-4A39-4498-AB6B-BD05EF29F89E}.Release|Any CPU.ActiveCfg = Release|Any CPU
		{D58829AC-4A39-4498-AB6B-BD05EF29F89E}.Release|Any CPU.Build.0 = Release|Any CPU
		{17918FD6-193C-4EA3-A161-43987CC9FA88}.Debug|Any CPU.ActiveCfg = Debug|Any CPU
		{17918FD6-193C-4EA3-A161-43987CC9FA88}.Debug|Any CPU.Build.0 = Debug|Any CPU
		{17918FD6-193C-4EA3-A161-43987CC9FA88}.Release|Any CPU.ActiveCfg = Release|Any CPU
		{17918FD6-193C-4EA3-A161-43987CC9FA88}.Release|Any CPU.Build.0 = Release|Any CPU
		{E8F3AE5C-5335-4BCC-83E7-4B7716C9AD3C}.Debug|Any CPU.ActiveCfg = Debug|Any CPU
		{E8F3AE5C-5335-4BCC-83E7-4B7716C9AD3C}.Debug|Any CPU.Build.0 = Debug|Any CPU
		{E8F3AE5C-5335-4BCC-83E7-4B7716C9AD3C}.Release|Any CPU.ActiveCfg = Release|Any CPU
		{E8F3AE5C-5335-4BCC-83E7-4B7716C9AD3C}.Release|Any CPU.Build.0 = Release|Any CPU
		{3F296D68-AFD1-4D74-AABF-E5617FBF80FD}.Debug|Any CPU.ActiveCfg = Debug|Any CPU
		{3F296D68-AFD1-4D74-AABF-E5617FBF80FD}.Debug|Any CPU.Build.0 = Debug|Any CPU
		{3F296D68-AFD1-4D74-AABF-E5617FBF80FD}.Release|Any CPU.ActiveCfg = Release|Any CPU
		{3F296D68-AFD1-4D74-AABF-E5617FBF80FD}.Release|Any CPU.Build.0 = Release|Any CPU
		{3B5A2FC3-0694-4421-9355-E43D8603572E}.Debug|Any CPU.ActiveCfg = Debug|Any CPU
		{3B5A2FC3-0694-4421-9355-E43D8603572E}.Debug|Any CPU.Build.0 = Debug|Any CPU
		{3B5A2FC3-0694-4421-9355-E43D8603572E}.Release|Any CPU.ActiveCfg = Release|Any CPU
		{3B5A2FC3-0694-4421-9355-E43D8603572E}.Release|Any CPU.Build.0 = Release|Any CPU
		{986BBE2D-03E8-4A6B-B139-614C3EA0A052}.Debug|Any CPU.ActiveCfg = Debug|Any CPU
		{986BBE2D-03E8-4A6B-B139-614C3EA0A052}.Debug|Any CPU.Build.0 = Debug|Any CPU
		{986BBE2D-03E8-4A6B-B139-614C3EA0A052}.Release|Any CPU.ActiveCfg = Release|Any CPU
		{986BBE2D-03E8-4A6B-B139-614C3EA0A052}.Release|Any CPU.Build.0 = Release|Any CPU
	EndGlobalSection
	GlobalSection(SolutionProperties) = preSolution
		HideSolutionNode = FALSE
	EndGlobalSection
	GlobalSection(ExtensibilityGlobals) = postSolution
		SolutionGuid = {AA6AF984-6715-4C53-B030-2F7F062DB4E0}
	EndGlobalSection
EndGlobal
